
Microsoft Visual Studio Solution File, Format Version 12.00
# Visual Studio Version 17
VisualStudioVersion = 17.4.33213.308
MinimumVisualStudioVersion = 10.0.40219.1
Project("{FAE04EC0-301F-11D3-BF4B-00C04F79EFBC}") = "CarDealer-User", "CarDealer-User\CarDealer-User.csproj", "{0212C575-A11D-4087-BF03-708FADBED2FC}"
EndProject
Global
	GlobalSection(SolutionConfigurationPlatforms) = preSolution
		Debug|Any CPU = Debug|Any CPU
		Release|Any CPU = Release|Any CPU
	EndGlobalSection
	GlobalSection(ProjectConfigurationPlatforms) = postSolution
		{0212C575-A11D-4087-BF03-708FADBED2FC}.Debug|Any CPU.ActiveCfg = Debug|Any CPU
		{0212C575-A11D-4087-BF03-708FADBED2FC}.Debug|Any CPU.Build.0 = Debug|Any CPU
		{0212C575-A11D-4087-BF03-708FADBED2FC}.Release|Any CPU.ActiveCfg = Release|Any CPU
		{0212C575-A11D-4087-BF03-708FADBED2FC}.Release|Any CPU.Build.0 = Release|Any CPU
	EndGlobalSection
	GlobalSection(SolutionProperties) = preSolution
		HideSolutionNode = FALSE
	EndGlobalSection
	GlobalSection(ExtensibilityGlobals) = postSolution
		SolutionGuid = {25B0186D-DC1A-4602-AEC1-C87A25664280}
	EndGlobalSection
EndGlobal
